
Microsoft Visual Studio Solution File, Format Version 12.00
Project("{FAE04EC0-301F-11D3-BF4B-00C04F79EFBC}") = "Senselessly.Foolish.Bethesda.Wpf", "Senselessly.Foolish.Bethesda.Wpf\Senselessly.Foolish.Bethesda.Wpf.csproj", "{3A8F76D5-D2C3-4795-953D-29E11204BE21}"
EndProject
Project("{FAE04EC0-301F-11D3-BF4B-00C04F79EFBC}") = "Senselessly.Foolish.Bethesda.Wpf.Tests", "Senselessly.Foolish.Bethesda.Wpf.Tests\Senselessly.Foolish.Bethesda.Wpf.Tests.csproj", "{950E6181-6590-4974-98BC-535DD2D044AB}"
EndProject
Global
	GlobalSection(SolutionConfigurationPlatforms) = preSolution
		Debug|Any CPU = Debug|Any CPU
		Release|Any CPU = Release|Any CPU
	EndGlobalSection
	GlobalSection(ProjectConfigurationPlatforms) = postSolution
		{3A8F76D5-D2C3-4795-953D-29E11204BE21}.Debug|Any CPU.ActiveCfg = Debug|Any CPU
		{3A8F76D5-D2C3-4795-953D-29E11204BE21}.Debug|Any CPU.Build.0 = Debug|Any CPU
		{3A8F76D5-D2C3-4795-953D-29E11204BE21}.Release|Any CPU.ActiveCfg = Release|Any CPU
		{3A8F76D5-D2C3-4795-953D-29E11204BE21}.Release|Any CPU.Build.0 = Release|Any CPU
		{950E6181-6590-4974-98BC-535DD2D044AB}.Debug|Any CPU.ActiveCfg = Debug|Any CPU
		{950E6181-6590-4974-98BC-535DD2D044AB}.Debug|Any CPU.Build.0 = Debug|Any CPU
		{950E6181-6590-4974-98BC-535DD2D044AB}.Release|Any CPU.ActiveCfg = Release|Any CPU
		{950E6181-6590-4974-98BC-535DD2D044AB}.Release|Any CPU.Build.0 = Release|Any CPU
	EndGlobalSection
EndGlobal
