{
  "version": 1,
  "dependencies": {
    ".NETStandard,Version=v2.1": {
      "System.Buffers": {
        "type": "Direct",
        "requested": "[4.5.1, )",
        "resolved": "4.5.1",
        "contentHash": "Rw7ijyl1qqRS0YQD/WycNst8hUUMgrMH4FCn1nNm27M4VxchZ1js3fVjQaANHO5f3sN4isvP4a+Met9Y4YomAg=="
      },
      "System.IO.Abstractions": {
        "type": "Direct",
        "requested": "[13.2.31, )",
        "resolved": "13.2.31",
        "contentHash": "2HBkS/8XtwCw6zESvpRJRTbnj+H83C3wRVx5X3XKE/DLcDiC3IJ8VQ2YQ7hMBoC3BoxIwzgWjXx43SuHn8vnDw==",
        "dependencies": {
          "System.IO.FileSystem.AccessControl": "4.7.0"
        }
      },
      "System.IO.FileSystem.AccessControl": {
        "type": "Direct",
        "requested": "[6.0.0-preview.3.21201.4, )",
        "resolved": "6.0.0-preview.3.21201.4",
        "contentHash": "D3Mps/0aRUAR9drPxUvrJk52BRvmI9ycxoEuTsNKcKvDB32FiakrqpPdT211bcwtuN1Bn0S0XcowIAKP+UcakQ==",
        "dependencies": {
          "System.Buffers": "4.5.1",
          "System.Memory": "4.5.4",
          "System.Security.AccessControl": "6.0.0-preview.3.21201.4",
          "System.Security.Principal.Windows": "6.0.0-preview.3.21201.4"
        }
      },
      "System.Linq.Async": {
        "type": "Direct",
        "requested": "[5.0.0, )",
        "resolved": "5.0.0",
        "contentHash": "cPtIuuH8TIjVHSi2ewwReWGW1PfChPE0LxPIDlfwVcLuTM9GANFTXiMB7k3aC4sk3f0cQU25LNKzx+jZMxijqw=="
      },
      "System.Memory": {
        "type": "Direct",
        "requested": "[4.5.4, )",
        "resolved": "4.5.4",
        "contentHash": "1MbJTHS1lZ4bS4FmsJjnuGJOu88ZzTT2rLvrhW7Ygic+pC0NWA+3hgAen0HRdsocuQXCkUTdFn9yHJJhsijDXw==",
        "dependencies": {
          "System.Buffers": "4.5.1",
          "System.Numerics.Vectors": "4.4.0",
          "System.Runtime.CompilerServices.Unsafe": "4.5.3"
        }
      },
      "System.Numerics.Vectors": {
        "type": "Direct",
        "requested": "[4.5.0, )",
        "resolved": "4.5.0",
        "contentHash": "QQTlPTl06J/iiDbJCiepZ4H//BVraReU4O4EoRw1U02H5TLUIT7xn3GnDp9AXPSlJUDyFs4uWjWafNX6WrAojQ=="
      },
      "System.Runtime.CompilerServices.Unsafe": {
        "type": "Direct",
        "requested": "[4.5.3, )",
        "resolved": "4.5.3",
        "contentHash": "3TIsJhD1EiiT0w2CcDMN/iSSwnNnsrnbzeVHSKkaEgV85txMprmuO+Yq2AdSbeVGcg28pdNDTPK87tJhX7VFHw=="
      },
      "System.Security.AccessControl": {
        "type": "Direct",
        "requested": "[6.0.0-preview.3.21201.4, )",
        "resolved": "6.0.0-preview.3.21201.4",
        "contentHash": "S8Ze/z6KsGH5jqNkv9bu4n9/4DEpvR3xiqlc4ReLvydtjqv3jehrRubhgBZ4tZF5JiEzB3OamS2P6KhLej+N/g==",
        "dependencies": {
          "System.Security.Principal.Windows": "6.0.0-preview.3.21201.4"
        }
      },
      "System.Security.Principal.Windows": {
        "type": "Direct",
        "requested": "[6.0.0-preview.3.21201.4, )",
        "resolved": "6.0.0-preview.3.21201.4",
        "contentHash": "5AS4X2959qqXjizwPySQcEL8KutU6CIFyjH2kvotto44aeF57Or3sIHkEK7U5yC4KuMWALSLTo3NWA/e+KLbSA=="
      }
    }
  }
}